
Microsoft Visual Studio Solution File, Format Version 12.00
# Visual Studio Version 17
VisualStudioVersion = 17.1.32414.318
MinimumVisualStudioVersion = 10.0.40219.1
Project("{FAE04EC0-301F-11D3-BF4B-00C04F79EFBC}") = "fuatobs", "fuatobs\fuatobs.csproj", "{CEDD387B-82CA-4167-A535-7156971D2C8E}"
EndProject
Global
	GlobalSection(SolutionConfigurationPlatforms) = preSolution
		Debug|Any CPU = Debug|Any CPU
		Release|Any CPU = Release|Any CPU
	EndGlobalSection
	GlobalSection(ProjectConfigurationPlatforms) = postSolution
		{CEDD387B-82CA-4167-A535-7156971D2C8E}.Debug|Any CPU.ActiveCfg = Debug|Any CPU
		{CEDD387B-82CA-4167-A535-7156971D2C8E}.Debug|Any CPU.Build.0 = Debug|Any CPU
		{CEDD387B-82CA-4167-A535-7156971D2C8E}.Release|Any CPU.ActiveCfg = Release|Any CPU
		{CEDD387B-82CA-4167-A535-7156971D2C8E}.Release|Any CPU.Build.0 = Release|Any CPU
	EndGlobalSection
	GlobalSection(SolutionProperties) = preSolution
		HideSolutionNode = FALSE
	EndGlobalSection
	GlobalSection(ExtensibilityGlobals) = postSolution
		SolutionGuid = {A52B54F8-8DCA-4078-BB5F-4B39479135DF}
	EndGlobalSection
EndGlobal
